{
  "name": "itd-frontend",
  "lockfileVersion": 3,
  "requires": true,
  "packages": {
    "": {
      "dependencies": {
        "@wakaru/cli": "^1.2.0"
      }
    },
    "node_modules/@wakaru/cli": {
      "version": "1.2.0",
      "resolved": "https://registry.npmjs.org/@wakaru/cli/-/cli-1.2.0.tgz",
      "integrity": "sha512-2zKaA0zW6R91pIAfFZm0rSe6wtmCY5hIqyQbjKMLV4tna6V9qi0aMeMnzS32KzExAsiYfiaO/5qwdhVOZ18zew==",
      "bin": {
        "wakaru": "bin/wakaru"
      },
      "engines": {
        "node": ">=16.0.0"
      },
      "optionalDependencies": {
        "@wakaru/cli-darwin-arm64": "1.2.0",
        "@wakaru/cli-linux-arm64": "1.2.0",
        "@wakaru/cli-linux-x64": "1.2.0",
        "@wakaru/cli-win32-x64": "1.2.0"
      }
    },
    "node_modules/@wakaru/cli-darwin-arm64": {
      "version": "1.2.0",
      "resolved": "https://registry.npmjs.org/@wakaru/cli-darwin-arm64/-/cli-darwin-arm64-1.2.0.tgz",
      "integrity": "sha512-/8Rz1+Zskad28zLseARoHr5Qu17xeB3QxcX0O3gk4Uegzdnk5OALduJa6noh3t+5y1m8tAQDbsMJg0+QJz0zgQ==",
      "cpu": [
        "arm64"
      ],
      "optional": true,
      "os": [
        "darwin"
      ],
      "bin": {
        "wakaru": "wakaru"
      }
    },
    "node_modules/@wakaru/cli-linux-arm64": {
      "version": "1.2.0",
      "resolved": "https://registry.npmjs.org/@wakaru/cli-linux-arm64/-/cli-linux-arm64-1.2.0.tgz",
      "integrity": "sha512-5bEnxK4+qhOZxr4e6kky97GNUEmqbiiei90px7QfcV01s/60SE/4OWVRvfoKFm8V+n6Vu0J5nOFYz21x52EbVg==",
      "cpu": [
        "arm64"
      ],
      "optional": true,
      "os": [
        "linux"
      ],
      "bin": {
        "wakaru": "wakaru"
      }
    },
    "node_modules/@wakaru/cli-linux-x64": {
      "version": "1.2.0",
      "resolved": "https://registry.npmjs.org/@wakaru/cli-linux-x64/-/cli-linux-x64-1.2.0.tgz",
      "integrity": "sha512-KonPTVyltH86L3yJJN81dpqUNTGJdlVmx1iP18jXpHAIBGTYEqiM24AmtKPi1jSkZiOMJc0SY4Z/x7kN/Kx4Qg==",
      "cpu": [
        "x64"
      ],
      "optional": true,
      "os": [
        "linux"
      ],
      "bin": {
        "wakaru": "wakaru"
      }
    },
    "node_modules/@wakaru/cli-win32-x64": {
      "version": "1.2.0",
      "resolved": "https://registry.npmjs.org/@wakaru/cli-win32-x64/-/cli-win32-x64-1.2.0.tgz",
      "integrity": "sha512-7dwIhjMt3BwTR15OSL9/ryZO6rBjWB/O/VtEwlov2rYBzBcpwFDGAt2t+QIUVDwH9DJySXAvx5xcDivByGQOdA==",
      "cpu": [
        "x64"
      ],
      "optional": true,
      "os": [
        "win32"
      ],
      "bin": {
        "wakaru": "wakaru.exe"
      }
    }
  }
}
